
Microsoft Visual Studio Solution File, Format Version 12.00
# Visual Studio 15
VisualStudioVersion = 15.0.27703.2047
MinimumVisualStudioVersion = 10.0.40219.1
Project("{FAE04EC0-301F-11D3-BF4B-00C04F79EFBC}") = "Node.Cleanup.API", "Node.Cleanup.API\Node.Cleanup.API.csproj", "{740637FA-3BCD-40D1-92C3-192C56713B68}"
EndProject
Global
	GlobalSection(SolutionConfigurationPlatforms) = preSolution
		Debug|Any CPU = Debug|Any CPU
		Release|Any CPU = Release|Any CPU
	EndGlobalSection
	GlobalSection(ProjectConfigurationPlatforms) = postSolution
		{740637FA-3BCD-40D1-92C3-192C56713B68}.Debug|Any CPU.ActiveCfg = Debug|Any CPU
		{740637FA-3BCD-40D1-92C3-192C56713B68}.Debug|Any CPU.Build.0 = Debug|Any CPU
		{740637FA-3BCD-40D1-92C3-192C56713B68}.Release|Any CPU.ActiveCfg = Release|Any CPU
		{740637FA-3BCD-40D1-92C3-192C56713B68}.Release|Any CPU.Build.0 = Release|Any CPU
	EndGlobalSection
	GlobalSection(SolutionProperties) = preSolution
		HideSolutionNode = FALSE
	EndGlobalSection
	GlobalSection(ExtensibilityGlobals) = postSolution
		SolutionGuid = {F27C262D-D7B7-48E8-9807-8F1D5F105F55}
	EndGlobalSection
EndGlobal
